
Microsoft Visual Studio Solution File, Format Version 12.00
# Visual Studio Version 17
VisualStudioVersion = 17.9.34728.123
MinimumVisualStudioVersion = 10.0.40219.1
Project("{9A19103F-16F7-4668-BE54-9A1E7A4F7556}") = "API", "API\API.csproj", "{5A183D9B-C735-4F78-A93A-F2AF70DD3994}"
EndProject
Project("{2150E333-8FDC-42A3-9474-1A3956D46DE8}") = "Models", "Models", "{93BA74AA-09E5-41C1-8A21-8BA31D40F19B}"
EndProject
Project("{9A19103F-16F7-4668-BE54-9A1E7A4F7556}") = "Models", "Models\Models.csproj", "{217C21D7-DB9C-446E-8D89-50EE049A7354}"
EndProject
Project("{2150E333-8FDC-42A3-9474-1A3956D46DE8}") = "Repository", "Repository", "{06DC8BB1-8B41-43C0-A6DF-87084CF5986D}"
EndProject
Project("{9A19103F-16F7-4668-BE54-9A1E7A4F7556}") = "Repository", "Repository\Repository.csproj", "{B1F12F09-EFBA-4EA0-9C57-023EE511C300}"
EndProject
Project("{2150E333-8FDC-42A3-9474-1A3956D46DE8}") = "Shared", "Shared", "{B7663E57-075C-4AE2-9DFA-9C9E2E1B72F3}"
EndProject
Project("{9A19103F-16F7-4668-BE54-9A1E7A4F7556}") = "Shared", "Shared\Shared.csproj", "{31A684E5-E10F-477C-9EAF-2CD1B376F42A}"
EndProject
Project("{2150E333-8FDC-42A3-9474-1A3956D46DE8}") = "DTOs", "DTOs", "{BE4E8925-1AA8-404E-8016-99D81D3A34FA}"
EndProject
Project("{FAE04EC0-301F-11D3-BF4B-00C04F79EFBC}") = "DTOs", "DTOs\DTOs.csproj", "{B828D4E2-7599-4452-9A37-77CF541405A0}"
EndProject
Global
	GlobalSection(SolutionConfigurationPlatforms) = preSolution
		Debug|Any CPU = Debug|Any CPU
		Release|Any CPU = Release|Any CPU
	EndGlobalSection
	GlobalSection(ProjectConfigurationPlatforms) = postSolution
		{5A183D9B-C735-4F78-A93A-F2AF70DD3994}.Debug|Any CPU.ActiveCfg = Debug|Any CPU
		{5A183D9B-C735-4F78-A93A-F2AF70DD3994}.Debug|Any CPU.Build.0 = Debug|Any CPU
		{5A183D9B-C735-4F78-A93A-F2AF70DD3994}.Release|Any CPU.ActiveCfg = Release|Any CPU
		{5A183D9B-C735-4F78-A93A-F2AF70DD3994}.Release|Any CPU.Build.0 = Release|Any CPU
		{217C21D7-DB9C-446E-8D89-50EE049A7354}.Debug|Any CPU.ActiveCfg = Debug|Any CPU
		{217C21D7-DB9C-446E-8D89-50EE049A7354}.Debug|Any CPU.Build.0 = Debug|Any CPU
		{217C21D7-DB9C-446E-8D89-50EE049A7354}.Release|Any CPU.ActiveCfg = Release|Any CPU
		{217C21D7-DB9C-446E-8D89-50EE049A7354}.Release|Any CPU.Build.0 = Release|Any CPU
		{B1F12F09-EFBA-4EA0-9C57-023EE511C300}.Debug|Any CPU.ActiveCfg = Debug|Any CPU
		{B1F12F09-EFBA-4EA0-9C57-023EE511C300}.Debug|Any CPU.Build.0 = Debug|Any CPU
		{B1F12F09-EFBA-4EA0-9C57-023EE511C300}.Release|Any CPU.ActiveCfg = Release|Any CPU
		{B1F12F09-EFBA-4EA0-9C57-023EE511C300}.Release|Any CPU.Build.0 = Release|Any CPU
		{31A684E5-E10F-477C-9EAF-2CD1B376F42A}.Debug|Any CPU.ActiveCfg = Debug|Any CPU
		{31A684E5-E10F-477C-9EAF-2CD1B376F42A}.Debug|Any CPU.Build.0 = Debug|Any CPU
		{31A684E5-E10F-477C-9EAF-2CD1B376F42A}.Release|Any CPU.ActiveCfg = Release|Any CPU
		{31A684E5-E10F-477C-9EAF-2CD1B376F42A}.Release|Any CPU.Build.0 = Release|Any CPU
		{B828D4E2-7599-4452-9A37-77CF541405A0}.Debug|Any CPU.ActiveCfg = Debug|Any CPU
		{B828D4E2-7599-4452-9A37-77CF541405A0}.Debug|Any CPU.Build.0 = Debug|Any CPU
		{B828D4E2-7599-4452-9A37-77CF541405A0}.Release|Any CPU.ActiveCfg = Release|Any CPU
		{B828D4E2-7599-4452-9A37-77CF541405A0}.Release|Any CPU.Build.0 = Release|Any CPU
	EndGlobalSection
	GlobalSection(SolutionProperties) = preSolution
		HideSolutionNode = FALSE
	EndGlobalSection
	GlobalSection(NestedProjects) = preSolution
		{217C21D7-DB9C-446E-8D89-50EE049A7354} = {93BA74AA-09E5-41C1-8A21-8BA31D40F19B}
		{B1F12F09-EFBA-4EA0-9C57-023EE511C300} = {06DC8BB1-8B41-43C0-A6DF-87084CF5986D}
		{31A684E5-E10F-477C-9EAF-2CD1B376F42A} = {B7663E57-075C-4AE2-9DFA-9C9E2E1B72F3}
		{B828D4E2-7599-4452-9A37-77CF541405A0} = {BE4E8925-1AA8-404E-8016-99D81D3A34FA}
	EndGlobalSection
	GlobalSection(ExtensibilityGlobals) = postSolution
		SolutionGuid = {A66D5F38-F72B-46DD-BBF2-42A3C7D9BC1A}
	EndGlobalSection
EndGlobal
